
Microsoft Visual Studio Solution File, Format Version 12.00
# Visual Studio Version 18
VisualStudioVersion = 18.8.12023.21 stable
MinimumVisualStudioVersion = 10.0.40219.1
Project("{FAE04EC0-301F-11D3-BF4B-00C04F79EFBC}") = "TS_Troubleshooter", "TS_Troubleshooter\TS_Troubleshooter.csproj", "{A772C296-C883-4359-962F-D7423A74997A}"
EndProject
Project("{2150E333-8FDC-42A3-9474-1A3956D46DE8}") = "Solution Items", "Solution Items", "{45061A1F-A5D4-4F9A-A043-DC8286517952}"
	ProjectSection(SolutionItems) = preProject
		README.md = README.md
		images\TSTS_XML.PNG = images\TSTS_XML.PNG
		images\TS_MECM.PNG = images\TS_MECM.PNG
		images\unified.png = images\unified.png
		images\unified_lite.png = images\unified_lite.png
		images\unified_testrun.png = images\unified_testrun.png
	EndProjectSection
EndProject
Project("{FAE04EC0-301F-11D3-BF4B-00C04F79EFBC}") = "TS_Troubleshooter_Lite", "TS_Troubleshooter_Lite\TS_Troubleshooter_Lite.csproj", "{75C05C01-C58A-4168-BE1D-8777CDF154F6}"
EndProject
Project("{FAE04EC0-301F-11D3-BF4B-00C04F79EFBC}") = "TS_Troubleshooter_Unified", "TS_Troubleshooter_Unified\TS_Troubleshooter_Unified.csproj", "{6E1C4A93-9F27-4B0E-8E7A-1D2F5C0B44A1}"
EndProject
Global
	GlobalSection(SolutionConfigurationPlatforms) = preSolution
		Debug|Any CPU = Debug|Any CPU
		Debug|x64 = Debug|x64
		Debug|x86 = Debug|x86
		Release|Any CPU = Release|Any CPU
		Release|x64 = Release|x64
		Release|x86 = Release|x86
	EndGlobalSection
	GlobalSection(ProjectConfigurationPlatforms) = postSolution
		{A772C296-C883-4359-962F-D7423A74997A}.Debug|Any CPU.ActiveCfg = Release|x64
		{A772C296-C883-4359-962F-D7423A74997A}.Debug|Any CPU.Build.0 = Release|x64
		{A772C296-C883-4359-962F-D7423A74997A}.Debug|x64.ActiveCfg = Debug|x64
		{A772C296-C883-4359-962F-D7423A74997A}.Debug|x64.Build.0 = Debug|x64
		{A772C296-C883-4359-962F-D7423A74997A}.Debug|x86.ActiveCfg = Release|x86
		{A772C296-C883-4359-962F-D7423A74997A}.Debug|x86.Build.0 = Release|x86
		{A772C296-C883-4359-962F-D7423A74997A}.Release|Any CPU.ActiveCfg = Release|Any CPU
		{A772C296-C883-4359-962F-D7423A74997A}.Release|Any CPU.Build.0 = Release|Any CPU
		{A772C296-C883-4359-962F-D7423A74997A}.Release|x64.ActiveCfg = Release|x64
		{A772C296-C883-4359-962F-D7423A74997A}.Release|x64.Build.0 = Release|x64
		{A772C296-C883-4359-962F-D7423A74997A}.Release|x86.ActiveCfg = Release|x86
		{A772C296-C883-4359-962F-D7423A74997A}.Release|x86.Build.0 = Release|x86
		{75C05C01-C58A-4168-BE1D-8777CDF154F6}.Debug|Any CPU.ActiveCfg = Debug|Any CPU
		{75C05C01-C58A-4168-BE1D-8777CDF154F6}.Debug|Any CPU.Build.0 = Debug|Any CPU
		{75C05C01-C58A-4168-BE1D-8777CDF154F6}.Debug|x64.ActiveCfg = Debug|x64
		{75C05C01-C58A-4168-BE1D-8777CDF154F6}.Debug|x64.Build.0 = Debug|x64
		{75C05C01-C58A-4168-BE1D-8777CDF154F6}.Debug|x86.ActiveCfg = Debug|x86
		{75C05C01-C58A-4168-BE1D-8777CDF154F6}.Debug|x86.Build.0 = Debug|x86
		{75C05C01-C58A-4168-BE1D-8777CDF154F6}.Release|Any CPU.ActiveCfg = Release|Any CPU
		{75C05C01-C58A-4168-BE1D-8777CDF154F6}.Release|Any CPU.Build.0 = Release|Any CPU
		{75C05C01-C58A-4168-BE1D-8777CDF154F6}.Release|x64.ActiveCfg = Release|x64
		{75C05C01-C58A-4168-BE1D-8777CDF154F6}.Release|x64.Build.0 = Release|x64
		{75C05C01-C58A-4168-BE1D-8777CDF154F6}.Release|x86.ActiveCfg = Release|x86
		{75C05C01-C58A-4168-BE1D-8777CDF154F6}.Release|x86.Build.0 = Release|x86
		{6E1C4A93-9F27-4B0E-8E7A-1D2F5C0B44A1}.Debug|Any CPU.ActiveCfg = Debug|Any CPU
		{6E1C4A93-9F27-4B0E-8E7A-1D2F5C0B44A1}.Debug|Any CPU.Build.0 = Debug|Any CPU
		{6E1C4A93-9F27-4B0E-8E7A-1D2F5C0B44A1}.Debug|x64.ActiveCfg = Debug|x64
		{6E1C4A93-9F27-4B0E-8E7A-1D2F5C0B44A1}.Debug|x64.Build.0 = Debug|x64
		{6E1C4A93-9F27-4B0E-8E7A-1D2F5C0B44A1}.Debug|x86.ActiveCfg = Debug|x86
		{6E1C4A93-9F27-4B0E-8E7A-1D2F5C0B44A1}.Debug|x86.Build.0 = Debug|x86
		{6E1C4A93-9F27-4B0E-8E7A-1D2F5C0B44A1}.Release|Any CPU.ActiveCfg = Release|Any CPU
		{6E1C4A93-9F27-4B0E-8E7A-1D2F5C0B44A1}.Release|Any CPU.Build.0 = Release|Any CPU
		{6E1C4A93-9F27-4B0E-8E7A-1D2F5C0B44A1}.Release|x64.ActiveCfg = Release|x64
		{6E1C4A93-9F27-4B0E-8E7A-1D2F5C0B44A1}.Release|x64.Build.0 = Release|x64
		{6E1C4A93-9F27-4B0E-8E7A-1D2F5C0B44A1}.Release|x86.ActiveCfg = Release|x86
		{6E1C4A93-9F27-4B0E-8E7A-1D2F5C0B44A1}.Release|x86.Build.0 = Release|x86
	EndGlobalSection
	GlobalSection(SolutionProperties) = preSolution
		HideSolutionNode = FALSE
	EndGlobalSection
	GlobalSection(ExtensibilityGlobals) = postSolution
		SolutionGuid = {A21A18A6-B2E0-4D3D-9896-AC85EE5C1405}
	EndGlobalSection
EndGlobal
